
Microsoft Visual Studio Solution File, Format Version 12.00
# Visual Studio Version 17
VisualStudioVersion = 17.2.32616.157
MinimumVisualStudioVersion = 10.0.40219.1
Project("{9A19103F-16F7-4668-BE54-9A1E7A4F7556}") = "VPN_WPF", "VPN_WPF\VPN_WPF.csproj", "{5757E376-AD88-4464-8856-513DD11AC545}"
EndProject
Global
	GlobalSection(SolutionConfigurationPlatforms) = preSolution
		Debug|Any CPU = Debug|Any CPU
		Release|Any CPU = Release|Any CPU
	EndGlobalSection
	GlobalSection(ProjectConfigurationPlatforms) = postSolution
		{5757E376-AD88-4464-8856-513DD11AC545}.Debug|Any CPU.ActiveCfg = Release|Any CPU
		{5757E376-AD88-4464-8856-513DD11AC545}.Debug|Any CPU.Build.0 = Release|Any CPU
		{5757E376-AD88-4464-8856-513DD11AC545}.Release|Any CPU.ActiveCfg = Release|Any CPU
		{5757E376-AD88-4464-8856-513DD11AC545}.Release|Any CPU.Build.0 = Release|Any CPU
	EndGlobalSection
	GlobalSection(SolutionProperties) = preSolution
		HideSolutionNode = FALSE
	EndGlobalSection
	GlobalSection(ExtensibilityGlobals) = postSolution
		SolutionGuid = {74609FE5-6621-4928-9923-6A771B4A5EE6}
	EndGlobalSection
EndGlobal
